
Microsoft Visual Studio Solution File, Format Version 12.00
# Visual Studio Version 17
VisualStudioVersion = 17.5.33530.505
MinimumVisualStudioVersion = 10.0.40219.1
Project("{FAE04EC0-301F-11D3-BF4B-00C04F79EFBC}") = "MyFirstProgram", "MyFirstProgram\MyFirstProgram.csproj", "{102556FC-2B5A-4E5F-9DAB-4135E3D6B14E}"
EndProject
Global
	GlobalSection(SolutionConfigurationPlatforms) = preSolution
		Debug|Any CPU = Debug|Any CPU
		Release|Any CPU = Release|Any CPU
	EndGlobalSection
	GlobalSection(ProjectConfigurationPlatforms) = postSolution
		{102556FC-2B5A-4E5F-9DAB-4135E3D6B14E}.Debug|Any CPU.ActiveCfg = Debug|Any CPU
		{102556FC-2B5A-4E5F-9DAB-4135E3D6B14E}.Debug|Any CPU.Build.0 = Debug|Any CPU
		{102556FC-2B5A-4E5F-9DAB-4135E3D6B14E}.Release|Any CPU.ActiveCfg = Release|Any CPU
		{102556FC-2B5A-4E5F-9DAB-4135E3D6B14E}.Release|Any CPU.Build.0 = Release|Any CPU
	EndGlobalSection
	GlobalSection(SolutionProperties) = preSolution
		HideSolutionNode = FALSE
	EndGlobalSection
	GlobalSection(ExtensibilityGlobals) = postSolution
		SolutionGuid = {2CCE23B3-36A7-40B5-8C32-EF571C504032}
	EndGlobalSection
EndGlobal
